
Microsoft Visual Studio Solution File, Format Version 12.00
# Visual Studio Version 17
VisualStudioVersion = 17.11.35005.142
MinimumVisualStudioVersion = 10.0.40219.1
Project("{2150E333-8FDC-42A3-9474-1A3956D46DE8}") = "src", "src", "{65F4AF35-5976-45BA-B9A5-05BCA88BBF09}"
EndProject
Project("{9A19103F-16F7-4668-BE54-9A1E7A4F7556}") = "DemoPageRank.API", "src\DemoPageRank.API\DemoPageRank.API.csproj", "{1EDADE8D-21CD-4CA1-8D90-FC28D757DDAD}"
EndProject
Project("{FAE04EC0-301F-11D3-BF4B-00C04F79EFBC}") = "DemoPageRank.Domain", "src\DemoPageRank.Domain\DemoPageRank.Domain.csproj", "{A0996110-87FF-4944-8717-3C2EA6E6864C}"
EndProject
Project("{FAE04EC0-301F-11D3-BF4B-00C04F79EFBC}") = "DemoPageRank.Infrastructure", "src\DemoPageRank.Infrastructure\DemoPageRank.Infrastructure.csproj", "{0AAC6A3F-F937-4886-8817-0132F0C7C201}"
EndProject
Global
	GlobalSection(SolutionConfigurationPlatforms) = preSolution
		Debug|Any CPU = Debug|Any CPU
		Release|Any CPU = Release|Any CPU
	EndGlobalSection
	GlobalSection(ProjectConfigurationPlatforms) = postSolution
		{1EDADE8D-21CD-4CA1-8D90-FC28D757DDAD}.Debug|Any CPU.ActiveCfg = Debug|Any CPU
		{1EDADE8D-21CD-4CA1-8D90-FC28D757DDAD}.Debug|Any CPU.Build.0 = Debug|Any CPU
		{1EDADE8D-21CD-4CA1-8D90-FC28D757DDAD}.Release|Any CPU.ActiveCfg = Release|Any CPU
		{1EDADE8D-21CD-4CA1-8D90-FC28D757DDAD}.Release|Any CPU.Build.0 = Release|Any CPU
		{A0996110-87FF-4944-8717-3C2EA6E6864C}.Debug|Any CPU.ActiveCfg = Debug|Any CPU
		{A0996110-87FF-4944-8717-3C2EA6E6864C}.Debug|Any CPU.Build.0 = Debug|Any CPU
		{A0996110-87FF-4944-8717-3C2EA6E6864C}.Release|Any CPU.ActiveCfg = Release|Any CPU
		{A0996110-87FF-4944-8717-3C2EA6E6864C}.Release|Any CPU.Build.0 = Release|Any CPU
		{0AAC6A3F-F937-4886-8817-0132F0C7C201}.Debug|Any CPU.ActiveCfg = Debug|Any CPU
		{0AAC6A3F-F937-4886-8817-0132F0C7C201}.Debug|Any CPU.Build.0 = Debug|Any CPU
		{0AAC6A3F-F937-4886-8817-0132F0C7C201}.Release|Any CPU.ActiveCfg = Release|Any CPU
		{0AAC6A3F-F937-4886-8817-0132F0C7C201}.Release|Any CPU.Build.0 = Release|Any CPU
	EndGlobalSection
	GlobalSection(SolutionProperties) = preSolution
		HideSolutionNode = FALSE
	EndGlobalSection
	GlobalSection(NestedProjects) = preSolution
		{1EDADE8D-21CD-4CA1-8D90-FC28D757DDAD} = {65F4AF35-5976-45BA-B9A5-05BCA88BBF09}
		{A0996110-87FF-4944-8717-3C2EA6E6864C} = {65F4AF35-5976-45BA-B9A5-05BCA88BBF09}
		{0AAC6A3F-F937-4886-8817-0132F0C7C201} = {65F4AF35-5976-45BA-B9A5-05BCA88BBF09}
	EndGlobalSection
	GlobalSection(ExtensibilityGlobals) = postSolution
		SolutionGuid = {B4C64D60-26BC-4F5F-942E-E5687FEA4D9D}
	EndGlobalSection
EndGlobal
